
Microsoft Visual Studio Solution File, Format Version 12.00
# Visual Studio Version 17
VisualStudioVersion = 17.14.36203.30 d17.14
MinimumVisualStudioVersion = 10.0.40219.1
Project("{FAE04EC0-301F-11D3-BF4B-00C04F79EFBC}") = "TowerDefenseWinforms", "TowerDefenseWinforms\TowerDefenseWinforms.csproj", "{70FB40A1-004E-46AD-9C60-11C3F47F60C9}"
EndProject
Global
	GlobalSection(SolutionConfigurationPlatforms) = preSolution
		Debug|Any CPU = Debug|Any CPU
		Release|Any CPU = Release|Any CPU
	EndGlobalSection
	GlobalSection(ProjectConfigurationPlatforms) = postSolution
		{70FB40A1-004E-46AD-9C60-11C3F47F60C9}.Debug|Any CPU.ActiveCfg = Debug|Any CPU
		{70FB40A1-004E-46AD-9C60-11C3F47F60C9}.Debug|Any CPU.Build.0 = Debug|Any CPU
		{70FB40A1-004E-46AD-9C60-11C3F47F60C9}.Release|Any CPU.ActiveCfg = Release|Any CPU
		{70FB40A1-004E-46AD-9C60-11C3F47F60C9}.Release|Any CPU.Build.0 = Release|Any CPU
	EndGlobalSection
	GlobalSection(SolutionProperties) = preSolution
		HideSolutionNode = FALSE
	EndGlobalSection
	GlobalSection(ExtensibilityGlobals) = postSolution
		SolutionGuid = {4E515B66-3444-4A8E-8BD8-21D21BF554F8}
	EndGlobalSection
EndGlobal
